
Microsoft Visual Studio Solution File, Format Version 12.00
# Visual Studio Version 16
VisualStudioVersion = 16.0.34931.43
MinimumVisualStudioVersion = 10.0.40219.1
Project("{FAE04EC0-301F-11D3-BF4B-00C04F79EFBC}") = "ConsoleApp2", "ConsoleApp2.csproj", "{AC2F4EE7-9CDD-4D94-89E4-3DD4B3F41C41}"
EndProject
Global
	GlobalSection(SolutionConfigurationPlatforms) = preSolution
		Debug|Any CPU = Debug|Any CPU
		Release|Any CPU = Release|Any CPU
	EndGlobalSection
	GlobalSection(ProjectConfigurationPlatforms) = postSolution
		{AC2F4EE7-9CDD-4D94-89E4-3DD4B3F41C41}.Debug|Any CPU.ActiveCfg = Debug|Any CPU
		{AC2F4EE7-9CDD-4D94-89E4-3DD4B3F41C41}.Debug|Any CPU.Build.0 = Debug|Any CPU
		{AC2F4EE7-9CDD-4D94-89E4-3DD4B3F41C41}.Release|Any CPU.ActiveCfg = Release|Any CPU
		{AC2F4EE7-9CDD-4D94-89E4-3DD4B3F41C41}.Release|Any CPU.Build.0 = Release|Any CPU
	EndGlobalSection
	GlobalSection(SolutionProperties) = preSolution
		HideSolutionNode = FALSE
	EndGlobalSection
	GlobalSection(ExtensibilityGlobals) = postSolution
		SolutionGuid = {B395C12E-C93E-4A38-81BD-95D70802C3FD}
	EndGlobalSection
EndGlobal
